
Microsoft Visual Studio Solution File, Format Version 12.00
Project("{2150E333-8FDC-42A3-9474-1A3956D46DE8}") = "src", "src", "{3984727A-D91B-42D9-880F-C20B8022D35F}"
EndProject
Project("{2150E333-8FDC-42A3-9474-1A3956D46DE8}") = "test", "test", "{C19B0C11-212C-48C3-858E-1D330FF91E65}"
EndProject
Project("{FAE04EC0-301F-11D3-BF4B-00C04F79EFBC}") = "CashFlow.Api", "src\CashFlow.Api\CashFlow.Api.csproj", "{C3D8ECF7-8A51-47EE-B86A-E05E6C014791}"
EndProject
Project("{FAE04EC0-301F-11D3-BF4B-00C04F79EFBC}") = "CashFlow.Application", "src\CashFlow.Application\CashFlow.Application.csproj", "{5376F0CA-2359-4F1C-AD33-68CC3F504314}"
EndProject
Project("{FAE04EC0-301F-11D3-BF4B-00C04F79EFBC}") = "CashFlow.Domain", "src\CashFlow.Domain\CashFlow.Domain.csproj", "{F39E6877-B1A3-4026-9E86-0CC3000129ED}"
EndProject
Project("{FAE04EC0-301F-11D3-BF4B-00C04F79EFBC}") = "CashFlow.Communication", "src\CashFlow.Communication\CashFlow.Communication.csproj", "{C01B26DF-6717-4DE1-940B-6A25C8825B97}"
EndProject
Project("{FAE04EC0-301F-11D3-BF4B-00C04F79EFBC}") = "CashFlow.Exception", "src\CashFlow.Exception\CashFlow.Exception.csproj", "{085CADE2-65F6-49CA-A019-2A24F2127B04}"
EndProject
Project("{FAE04EC0-301F-11D3-BF4B-00C04F79EFBC}") = "CashFlow.Infrastructure", "src\CashFlow.Infrastructure\CashFlow.Infrastructure.csproj", "{6EC2427A-9EB3-4EDD-9769-9E23D2370A8A}"
EndProject
Project("{FAE04EC0-301F-11D3-BF4B-00C04F79EFBC}") = "Validators.Tests", "tests\Validators.Tests\Validators.Tests.csproj", "{DB167A26-B36B-4FC3-B582-861F366F152C}"
EndProject
Project("{FAE04EC0-301F-11D3-BF4B-00C04F79EFBC}") = "CommomTestUtilities", "tests\CommomTestUtilities\CommomTestUtilities.csproj", "{1AD8A0AD-F98B-446D-8837-F8330F6615B1}"
EndProject
Global
	GlobalSection(SolutionConfigurationPlatforms) = preSolution
		Debug|Any CPU = Debug|Any CPU
		Release|Any CPU = Release|Any CPU
	EndGlobalSection
	GlobalSection(NestedProjects) = preSolution
		{C3D8ECF7-8A51-47EE-B86A-E05E6C014791} = {3984727A-D91B-42D9-880F-C20B8022D35F}
		{5376F0CA-2359-4F1C-AD33-68CC3F504314} = {3984727A-D91B-42D9-880F-C20B8022D35F}
		{F39E6877-B1A3-4026-9E86-0CC3000129ED} = {3984727A-D91B-42D9-880F-C20B8022D35F}
		{C01B26DF-6717-4DE1-940B-6A25C8825B97} = {3984727A-D91B-42D9-880F-C20B8022D35F}
		{085CADE2-65F6-49CA-A019-2A24F2127B04} = {3984727A-D91B-42D9-880F-C20B8022D35F}
		{6EC2427A-9EB3-4EDD-9769-9E23D2370A8A} = {3984727A-D91B-42D9-880F-C20B8022D35F}
		{DB167A26-B36B-4FC3-B582-861F366F152C} = {C19B0C11-212C-48C3-858E-1D330FF91E65}
		{1AD8A0AD-F98B-446D-8837-F8330F6615B1} = {C19B0C11-212C-48C3-858E-1D330FF91E65}
	EndGlobalSection
	GlobalSection(ProjectConfigurationPlatforms) = postSolution
		{C3D8ECF7-8A51-47EE-B86A-E05E6C014791}.Debug|Any CPU.ActiveCfg = Debug|Any CPU
		{C3D8ECF7-8A51-47EE-B86A-E05E6C014791}.Debug|Any CPU.Build.0 = Debug|Any CPU
		{C3D8ECF7-8A51-47EE-B86A-E05E6C014791}.Release|Any CPU.ActiveCfg = Release|Any CPU
		{C3D8ECF7-8A51-47EE-B86A-E05E6C014791}.Release|Any CPU.Build.0 = Release|Any CPU
		{5376F0CA-2359-4F1C-AD33-68CC3F504314}.Debug|Any CPU.ActiveCfg = Debug|Any CPU
		{5376F0CA-2359-4F1C-AD33-68CC3F504314}.Debug|Any CPU.Build.0 = Debug|Any CPU
		{5376F0CA-2359-4F1C-AD33-68CC3F504314}.Release|Any CPU.ActiveCfg = Release|Any CPU
		{5376F0CA-2359-4F1C-AD33-68CC3F504314}.Release|Any CPU.Build.0 = Release|Any CPU
		{F39E6877-B1A3-4026-9E86-0CC3000129ED}.Debug|Any CPU.ActiveCfg = Debug|Any CPU
		{F39E6877-B1A3-4026-9E86-0CC3000129ED}.Debug|Any CPU.Build.0 = Debug|Any CPU
		{F39E6877-B1A3-4026-9E86-0CC3000129ED}.Release|Any CPU.ActiveCfg = Release|Any CPU
		{F39E6877-B1A3-4026-9E86-0CC3000129ED}.Release|Any CPU.Build.0 = Release|Any CPU
		{C01B26DF-6717-4DE1-940B-6A25C8825B97}.Debug|Any CPU.ActiveCfg = Debug|Any CPU
		{C01B26DF-6717-4DE1-940B-6A25C8825B97}.Debug|Any CPU.Build.0 = Debug|Any CPU
		{C01B26DF-6717-4DE1-940B-6A25C8825B97}.Release|Any CPU.ActiveCfg = Release|Any CPU
		{C01B26DF-6717-4DE1-940B-6A25C8825B97}.Release|Any CPU.Build.0 = Release|Any CPU
		{085CADE2-65F6-49CA-A019-2A24F2127B04}.Debug|Any CPU.ActiveCfg = Debug|Any CPU
		{085CADE2-65F6-49CA-A019-2A24F2127B04}.Debug|Any CPU.Build.0 = Debug|Any CPU
		{085CADE2-65F6-49CA-A019-2A24F2127B04}.Release|Any CPU.ActiveCfg = Release|Any CPU
		{085CADE2-65F6-49CA-A019-2A24F2127B04}.Release|Any CPU.Build.0 = Release|Any CPU
		{6EC2427A-9EB3-4EDD-9769-9E23D2370A8A}.Debug|Any CPU.ActiveCfg = Debug|Any CPU
		{6EC2427A-9EB3-4EDD-9769-9E23D2370A8A}.Debug|Any CPU.Build.0 = Debug|Any CPU
		{6EC2427A-9EB3-4EDD-9769-9E23D2370A8A}.Release|Any CPU.ActiveCfg = Release|Any CPU
		{6EC2427A-9EB3-4EDD-9769-9E23D2370A8A}.Release|Any CPU.Build.0 = Release|Any CPU
		{DB167A26-B36B-4FC3-B582-861F366F152C}.Debug|Any CPU.ActiveCfg = Debug|Any CPU
		{DB167A26-B36B-4FC3-B582-861F366F152C}.Debug|Any CPU.Build.0 = Debug|Any CPU
		{DB167A26-B36B-4FC3-B582-861F366F152C}.Release|Any CPU.ActiveCfg = Release|Any CPU
		{DB167A26-B36B-4FC3-B582-861F366F152C}.Release|Any CPU.Build.0 = Release|Any CPU
		{1AD8A0AD-F98B-446D-8837-F8330F6615B1}.Debug|Any CPU.ActiveCfg = Debug|Any CPU
		{1AD8A0AD-F98B-446D-8837-F8330F6615B1}.Debug|Any CPU.Build.0 = Debug|Any CPU
		{1AD8A0AD-F98B-446D-8837-F8330F6615B1}.Release|Any CPU.ActiveCfg = Release|Any CPU
		{1AD8A0AD-F98B-446D-8837-F8330F6615B1}.Release|Any CPU.Build.0 = Release|Any CPU
	EndGlobalSection
EndGlobal
