
Microsoft Visual Studio Solution File, Format Version 12.00
# Visual Studio Version 17
VisualStudioVersion = 17.5.002.0
MinimumVisualStudioVersion = 10.0.40219.1
Project("{9A19103F-16F7-4668-BE54-9A1E7A4F7556}") = "03-DtoAutoMapper", "03-DtoAutoMapper.csproj", "{27AA7379-247E-4B8A-ADB1-A21AC47FE045}"
EndProject
Global
	GlobalSection(SolutionConfigurationPlatforms) = preSolution
		Debug|Any CPU = Debug|Any CPU
		Release|Any CPU = Release|Any CPU
	EndGlobalSection
	GlobalSection(ProjectConfigurationPlatforms) = postSolution
		{27AA7379-247E-4B8A-ADB1-A21AC47FE045}.Debug|Any CPU.ActiveCfg = Debug|Any CPU
		{27AA7379-247E-4B8A-ADB1-A21AC47FE045}.Debug|Any CPU.Build.0 = Debug|Any CPU
		{27AA7379-247E-4B8A-ADB1-A21AC47FE045}.Release|Any CPU.ActiveCfg = Release|Any CPU
		{27AA7379-247E-4B8A-ADB1-A21AC47FE045}.Release|Any CPU.Build.0 = Release|Any CPU
	EndGlobalSection
	GlobalSection(SolutionProperties) = preSolution
		HideSolutionNode = FALSE
	EndGlobalSection
	GlobalSection(ExtensibilityGlobals) = postSolution
		SolutionGuid = {2967E6BA-2832-4786-93E7-F321D3D5E6C4}
	EndGlobalSection
EndGlobal
