
Microsoft Visual Studio Solution File, Format Version 12.00
Project("{2150E333-8FDC-42A3-9474-1A3956D46DE8}") = "src", "src", "{9C5C4721-7B0E-4371-9789-942C908BC0C5}"
EndProject
Project("{2150E333-8FDC-42A3-9474-1A3956D46DE8}") = "test", "test", "{32BF2074-FD63-42CC-A71C-EDCBD34A8283}"
EndProject
Project("{FAE04EC0-301F-11D3-BF4B-00C04F79EFBC}") = "CashBank.Api", "src\CashBank.Api\CashBank.Api.csproj", "{2910FD4A-3BD5-415B-9969-819B02E5426B}"
EndProject
Project("{FAE04EC0-301F-11D3-BF4B-00C04F79EFBC}") = "CashBank.Application", "src\CashBank.Application\CashBank.Application.csproj", "{D577CBAE-C3CB-4E4F-9241-2A25D26E5AF0}"
EndProject
Project("{FAE04EC0-301F-11D3-BF4B-00C04F79EFBC}") = "CashBank.Communication", "src\CashBank.Communication\CashBank.Communication.csproj", "{4E36019E-4284-4CED-86C7-E1EC82337520}"
EndProject
Project("{FAE04EC0-301F-11D3-BF4B-00C04F79EFBC}") = "CashBank.Exception", "src\CashBank.Exception\CashBank.Exception.csproj", "{36F245F9-928F-44F9-A2DB-1264A6EA435A}"
EndProject
Project("{FAE04EC0-301F-11D3-BF4B-00C04F79EFBC}") = "CashBank.Domain", "src\CashBank.Domain\CashBank.Domain.csproj", "{2DE2440C-76A4-43BA-9759-059855209E41}"
EndProject
Project("{FAE04EC0-301F-11D3-BF4B-00C04F79EFBC}") = "CashBank.Infrastructure", "src\CashBank.Infrastructure\CashBank.Infrastructure.csproj", "{98EFBF8C-B864-4D79-9735-F1337E548AC4}"
EndProject
Global
	GlobalSection(SolutionConfigurationPlatforms) = preSolution
		Debug|Any CPU = Debug|Any CPU
		Release|Any CPU = Release|Any CPU
	EndGlobalSection
	GlobalSection(NestedProjects) = preSolution
		{2910FD4A-3BD5-415B-9969-819B02E5426B} = {9C5C4721-7B0E-4371-9789-942C908BC0C5}
		{D577CBAE-C3CB-4E4F-9241-2A25D26E5AF0} = {9C5C4721-7B0E-4371-9789-942C908BC0C5}
		{4E36019E-4284-4CED-86C7-E1EC82337520} = {9C5C4721-7B0E-4371-9789-942C908BC0C5}
		{36F245F9-928F-44F9-A2DB-1264A6EA435A} = {9C5C4721-7B0E-4371-9789-942C908BC0C5}
		{2DE2440C-76A4-43BA-9759-059855209E41} = {9C5C4721-7B0E-4371-9789-942C908BC0C5}
		{98EFBF8C-B864-4D79-9735-F1337E548AC4} = {9C5C4721-7B0E-4371-9789-942C908BC0C5}
	EndGlobalSection
	GlobalSection(ProjectConfigurationPlatforms) = postSolution
		{2910FD4A-3BD5-415B-9969-819B02E5426B}.Debug|Any CPU.ActiveCfg = Debug|Any CPU
		{2910FD4A-3BD5-415B-9969-819B02E5426B}.Debug|Any CPU.Build.0 = Debug|Any CPU
		{2910FD4A-3BD5-415B-9969-819B02E5426B}.Release|Any CPU.ActiveCfg = Release|Any CPU
		{2910FD4A-3BD5-415B-9969-819B02E5426B}.Release|Any CPU.Build.0 = Release|Any CPU
		{D577CBAE-C3CB-4E4F-9241-2A25D26E5AF0}.Debug|Any CPU.ActiveCfg = Debug|Any CPU
		{D577CBAE-C3CB-4E4F-9241-2A25D26E5AF0}.Debug|Any CPU.Build.0 = Debug|Any CPU
		{D577CBAE-C3CB-4E4F-9241-2A25D26E5AF0}.Release|Any CPU.ActiveCfg = Release|Any CPU
		{D577CBAE-C3CB-4E4F-9241-2A25D26E5AF0}.Release|Any CPU.Build.0 = Release|Any CPU
		{4E36019E-4284-4CED-86C7-E1EC82337520}.Debug|Any CPU.ActiveCfg = Debug|Any CPU
		{4E36019E-4284-4CED-86C7-E1EC82337520}.Debug|Any CPU.Build.0 = Debug|Any CPU
		{4E36019E-4284-4CED-86C7-E1EC82337520}.Release|Any CPU.ActiveCfg = Release|Any CPU
		{4E36019E-4284-4CED-86C7-E1EC82337520}.Release|Any CPU.Build.0 = Release|Any CPU
		{36F245F9-928F-44F9-A2DB-1264A6EA435A}.Debug|Any CPU.ActiveCfg = Debug|Any CPU
		{36F245F9-928F-44F9-A2DB-1264A6EA435A}.Debug|Any CPU.Build.0 = Debug|Any CPU
		{36F245F9-928F-44F9-A2DB-1264A6EA435A}.Release|Any CPU.ActiveCfg = Release|Any CPU
		{36F245F9-928F-44F9-A2DB-1264A6EA435A}.Release|Any CPU.Build.0 = Release|Any CPU
		{2DE2440C-76A4-43BA-9759-059855209E41}.Debug|Any CPU.ActiveCfg = Debug|Any CPU
		{2DE2440C-76A4-43BA-9759-059855209E41}.Debug|Any CPU.Build.0 = Debug|Any CPU
		{2DE2440C-76A4-43BA-9759-059855209E41}.Release|Any CPU.ActiveCfg = Release|Any CPU
		{2DE2440C-76A4-43BA-9759-059855209E41}.Release|Any CPU.Build.0 = Release|Any CPU
		{98EFBF8C-B864-4D79-9735-F1337E548AC4}.Debug|Any CPU.ActiveCfg = Debug|Any CPU
		{98EFBF8C-B864-4D79-9735-F1337E548AC4}.Debug|Any CPU.Build.0 = Debug|Any CPU
		{98EFBF8C-B864-4D79-9735-F1337E548AC4}.Release|Any CPU.ActiveCfg = Release|Any CPU
		{98EFBF8C-B864-4D79-9735-F1337E548AC4}.Release|Any CPU.Build.0 = Release|Any CPU
	EndGlobalSection
EndGlobal
