
Microsoft Visual Studio Solution File, Format Version 12.00
Project("{2150E333-8FDC-42A3-9474-1A3956D46DE8}") = "src", "src", "{284FEB0B-5C8A-44FD-9B6A-B4FA8ED34190}"
EndProject
Project("{FAE04EC0-301F-11D3-BF4B-00C04F79EFBC}") = "ToDoList.Api", "ToDoList.Api\ToDoList.Api.csproj", "{7A03531D-F259-4D6E-A54A-F09EA2E87E65}"
EndProject
Global
	GlobalSection(SolutionConfigurationPlatforms) = preSolution
		Debug|Any CPU = Debug|Any CPU
		Release|Any CPU = Release|Any CPU
	EndGlobalSection
	GlobalSection(NestedProjects) = preSolution
		{7A03531D-F259-4D6E-A54A-F09EA2E87E65} = {284FEB0B-5C8A-44FD-9B6A-B4FA8ED34190}
	EndGlobalSection
	GlobalSection(ProjectConfigurationPlatforms) = postSolution
		{7A03531D-F259-4D6E-A54A-F09EA2E87E65}.Debug|Any CPU.ActiveCfg = Debug|Any CPU
		{7A03531D-F259-4D6E-A54A-F09EA2E87E65}.Debug|Any CPU.Build.0 = Debug|Any CPU
		{7A03531D-F259-4D6E-A54A-F09EA2E87E65}.Release|Any CPU.ActiveCfg = Release|Any CPU
		{7A03531D-F259-4D6E-A54A-F09EA2E87E65}.Release|Any CPU.Build.0 = Release|Any CPU
	EndGlobalSection
EndGlobal
