
Microsoft Visual Studio Solution File, Format Version 12.00
Project("{2150E333-8FDC-42A3-9474-1A3956D46DE8}") = "src", "src", "{6A1B6606-B685-49E9-8CA3-CD9BB129B654}"
EndProject
Project("{FAE04EC0-301F-11D3-BF4B-00C04F79EFBC}") = "Biblioteca.Api", "src\Biblioteca.Api\Biblioteca.Api.csproj", "{C9C4F97B-96BE-498E-8ED7-5E8E54F99072}"
EndProject
Global
	GlobalSection(SolutionConfigurationPlatforms) = preSolution
		Debug|Any CPU = Debug|Any CPU
		Release|Any CPU = Release|Any CPU
	EndGlobalSection
	GlobalSection(NestedProjects) = preSolution
		{C9C4F97B-96BE-498E-8ED7-5E8E54F99072} = {6A1B6606-B685-49E9-8CA3-CD9BB129B654}
	EndGlobalSection
	GlobalSection(ProjectConfigurationPlatforms) = postSolution
		{C9C4F97B-96BE-498E-8ED7-5E8E54F99072}.Debug|Any CPU.ActiveCfg = Debug|Any CPU
		{C9C4F97B-96BE-498E-8ED7-5E8E54F99072}.Debug|Any CPU.Build.0 = Debug|Any CPU
		{C9C4F97B-96BE-498E-8ED7-5E8E54F99072}.Release|Any CPU.ActiveCfg = Release|Any CPU
		{C9C4F97B-96BE-498E-8ED7-5E8E54F99072}.Release|Any CPU.Build.0 = Release|Any CPU
	EndGlobalSection
EndGlobal
