
Microsoft Visual Studio Solution File, Format Version 12.00
Project("{2150E333-8FDC-42A3-9474-1A3956D46DE8}") = "src", "src", "{A4B5D2E9-DB27-4BF7-BE82-BF84F62DAF30}"
EndProject
Project("{2150E333-8FDC-42A3-9474-1A3956D46DE8}") = "test", "test", "{68978D6F-98A0-4E63-9A98-B9319B39B28E}"
EndProject
Project("{FAE04EC0-301F-11D3-BF4B-00C04F79EFBC}") = "Bank.Api", "Bank.Api\Bank.Api.csproj", "{595882B1-CC0D-4B59-8DB3-526C5C365A02}"
EndProject
Project("{FAE04EC0-301F-11D3-BF4B-00C04F79EFBC}") = "Bank.Application", "Bank.Application\Bank.Application.csproj", "{5E6D3B3D-3DB3-4D12-8E13-559F2256820B}"
EndProject
Project("{FAE04EC0-301F-11D3-BF4B-00C04F79EFBC}") = "Bank.Communication", "Bank.Communication\Bank.Communication.csproj", "{D2127D40-D932-4AEF-AE40-FE4AB2BB8E1A}"
EndProject
Project("{FAE04EC0-301F-11D3-BF4B-00C04F79EFBC}") = "Bank.Exception", "Bank.Exception\Bank.Exception.csproj", "{C7970826-3AC9-44A1-8D56-1B25DD22BA46}"
EndProject
Project("{FAE04EC0-301F-11D3-BF4B-00C04F79EFBC}") = "Bank.Domain", "Bank.Domain\Bank.Domain.csproj", "{BD51C357-7B05-4736-9971-55831CDA2971}"
EndProject
Project("{FAE04EC0-301F-11D3-BF4B-00C04F79EFBC}") = "Bank.Infrastructure", "Bank.Infrastructure\Bank.Infrastructure.csproj", "{62962979-6DF6-44AE-BC24-AF9AFBA975BE}"
EndProject
Global
	GlobalSection(SolutionConfigurationPlatforms) = preSolution
		Debug|Any CPU = Debug|Any CPU
		Release|Any CPU = Release|Any CPU
	EndGlobalSection
	GlobalSection(NestedProjects) = preSolution
		{595882B1-CC0D-4B59-8DB3-526C5C365A02} = {A4B5D2E9-DB27-4BF7-BE82-BF84F62DAF30}
		{5E6D3B3D-3DB3-4D12-8E13-559F2256820B} = {A4B5D2E9-DB27-4BF7-BE82-BF84F62DAF30}
		{D2127D40-D932-4AEF-AE40-FE4AB2BB8E1A} = {A4B5D2E9-DB27-4BF7-BE82-BF84F62DAF30}
		{C7970826-3AC9-44A1-8D56-1B25DD22BA46} = {A4B5D2E9-DB27-4BF7-BE82-BF84F62DAF30}
		{BD51C357-7B05-4736-9971-55831CDA2971} = {A4B5D2E9-DB27-4BF7-BE82-BF84F62DAF30}
		{62962979-6DF6-44AE-BC24-AF9AFBA975BE} = {A4B5D2E9-DB27-4BF7-BE82-BF84F62DAF30}
	EndGlobalSection
	GlobalSection(ProjectConfigurationPlatforms) = postSolution
		{595882B1-CC0D-4B59-8DB3-526C5C365A02}.Debug|Any CPU.ActiveCfg = Debug|Any CPU
		{595882B1-CC0D-4B59-8DB3-526C5C365A02}.Debug|Any CPU.Build.0 = Debug|Any CPU
		{595882B1-CC0D-4B59-8DB3-526C5C365A02}.Release|Any CPU.ActiveCfg = Release|Any CPU
		{595882B1-CC0D-4B59-8DB3-526C5C365A02}.Release|Any CPU.Build.0 = Release|Any CPU
		{5E6D3B3D-3DB3-4D12-8E13-559F2256820B}.Debug|Any CPU.ActiveCfg = Debug|Any CPU
		{5E6D3B3D-3DB3-4D12-8E13-559F2256820B}.Debug|Any CPU.Build.0 = Debug|Any CPU
		{5E6D3B3D-3DB3-4D12-8E13-559F2256820B}.Release|Any CPU.ActiveCfg = Release|Any CPU
		{5E6D3B3D-3DB3-4D12-8E13-559F2256820B}.Release|Any CPU.Build.0 = Release|Any CPU
		{D2127D40-D932-4AEF-AE40-FE4AB2BB8E1A}.Debug|Any CPU.ActiveCfg = Debug|Any CPU
		{D2127D40-D932-4AEF-AE40-FE4AB2BB8E1A}.Debug|Any CPU.Build.0 = Debug|Any CPU
		{D2127D40-D932-4AEF-AE40-FE4AB2BB8E1A}.Release|Any CPU.ActiveCfg = Release|Any CPU
		{D2127D40-D932-4AEF-AE40-FE4AB2BB8E1A}.Release|Any CPU.Build.0 = Release|Any CPU
		{C7970826-3AC9-44A1-8D56-1B25DD22BA46}.Debug|Any CPU.ActiveCfg = Debug|Any CPU
		{C7970826-3AC9-44A1-8D56-1B25DD22BA46}.Debug|Any CPU.Build.0 = Debug|Any CPU
		{C7970826-3AC9-44A1-8D56-1B25DD22BA46}.Release|Any CPU.ActiveCfg = Release|Any CPU
		{C7970826-3AC9-44A1-8D56-1B25DD22BA46}.Release|Any CPU.Build.0 = Release|Any CPU
		{BD51C357-7B05-4736-9971-55831CDA2971}.Debug|Any CPU.ActiveCfg = Debug|Any CPU
		{BD51C357-7B05-4736-9971-55831CDA2971}.Debug|Any CPU.Build.0 = Debug|Any CPU
		{BD51C357-7B05-4736-9971-55831CDA2971}.Release|Any CPU.ActiveCfg = Release|Any CPU
		{BD51C357-7B05-4736-9971-55831CDA2971}.Release|Any CPU.Build.0 = Release|Any CPU
		{62962979-6DF6-44AE-BC24-AF9AFBA975BE}.Debug|Any CPU.ActiveCfg = Debug|Any CPU
		{62962979-6DF6-44AE-BC24-AF9AFBA975BE}.Debug|Any CPU.Build.0 = Debug|Any CPU
		{62962979-6DF6-44AE-BC24-AF9AFBA975BE}.Release|Any CPU.ActiveCfg = Release|Any CPU
		{62962979-6DF6-44AE-BC24-AF9AFBA975BE}.Release|Any CPU.Build.0 = Release|Any CPU
	EndGlobalSection
EndGlobal
